// !$*UTF8*$!
{
	archiveVersion = 1;
	classes = {
	};
	objectVersion = 50;
	objects = {

/* Begin PBXContainerItemProxy section */
		84DA910F231E3E6300E8F59E /* PBXContainerItemProxy */ = {
			isa = PBXContainerItemProxy;
			containerPortal = 84DA910B231E3E6300E8F59E /* FastlaneSwiftRunner.xcodeproj */;
			proxyType = 2;
			remoteGlobalIDString = D556D6A91F6A08F5003108E3;
			remoteInfo = FastlaneRunner;
		};
		84EAC70B21A8245600C2493D /* PBXContainerItemProxy */ = {
			isa = PBXContainerItemProxy;
			containerPortal = 84EAC6F821A8245400C2493D /* iRNApp.xcodeproj */;
			proxyType = 2;
			remoteGlobalIDString = 13B07F961A680F5B00A75B9A;
			remoteInfo = iRNApp;
		};
		84EAC70D21A8245600C2493D /* PBXContainerItemProxy */ = {
			isa = PBXContainerItemProxy;
			containerPortal = 84EAC6F821A8245400C2493D /* iRNApp.xcodeproj */;
			proxyType = 2;
			remoteGlobalIDString = 00E356EE1AD99517003FC87E;
			remoteInfo = iRNAppTests;
		};
		84EAC70F21A8245600C2493D /* PBXContainerItemProxy */ = {
			isa = PBXContainerItemProxy;
			containerPortal = 84EAC6F821A8245400C2493D /* iRNApp.xcodeproj */;
			proxyType = 2;
			remoteGlobalIDString = 2D02E47B1E0B4A5D006451C7;
			remoteInfo = "iRNApp-tvOS";
		};
		84EAC71121A8245600C2493D /* PBXContainerItemProxy */ = {
			isa = PBXContainerItemProxy;
			containerPortal = 84EAC6F821A8245400C2493D /* iRNApp.xcodeproj */;
			proxyType = 2;
			remoteGlobalIDString = 2D02E4901E0B4A5D006451C7;
			remoteInfo = "iRNApp-tvOSTests";
		};
/* End PBXContainerItemProxy section */

/* Begin PBXFileReference section */
		8484D70F21D4871C0011715E /* Gymfile */ = {isa = PBXFileReference; explicitFileType = text.script.ruby; path = Gymfile; sourceTree = "<group>"; };
		8484D71021D4871C0011715E /* Appfile */ = {isa = PBXFileReference; explicitFileType = text.script.ruby; path = Appfile; sourceTree = "<group>"; };
		8484D71121D4871C0011715E /* Fastfile */ = {isa = PBXFileReference; explicitFileType = text.script.ruby; path = Fastfile; sourceTree = "<group>"; };
		8484D71221D4871C0011715E /* README.md */ = {isa = PBXFileReference; lastKnownFileType = net.daringfireball.markdown; path = README.md; sourceTree = "<group>"; };
		8484D71321D4871C0011715E /* report.xml */ = {isa = PBXFileReference; lastKnownFileType = text.xml; path = report.xml; sourceTree = "<group>"; };
		8493477621A848B700288628 /* .babelrc */ = {isa = PBXFileReference; lastKnownFileType = text; path = .babelrc; sourceTree = "<group>"; };
		84CEA35E21D4F80A0004F68E /* .env.default */ = {isa = PBXFileReference; lastKnownFileType = text; path = .env.default; sourceTree = "<group>"; };
		84CEA36421D4FBAA0004F68E /* Matchfile */ = {isa = PBXFileReference; explicitFileType = text.script.ruby; path = Matchfile; sourceTree = "<group>"; };
		84DA910B231E3E6300E8F59E /* FastlaneSwiftRunner.xcodeproj */ = {isa = PBXFileReference; lastKnownFileType = "wrapper.pb-project"; name = FastlaneSwiftRunner.xcodeproj; path = fastlane/swift/FastlaneSwiftRunner/FastlaneSwiftRunner.xcodeproj; sourceTree = "<group>"; };
		84EAC6F421A8245400C2493D /* index.js */ = {isa = PBXFileReference; lastKnownFileType = sourcecode.javascript; path = index.js; sourceTree = "<group>"; };
		84EAC6F521A8245400C2493D /* package.json */ = {isa = PBXFileReference; lastKnownFileType = text.json; path = package.json; sourceTree = "<group>"; };
		84EAC6F621A8245400C2493D /* app.json */ = {isa = PBXFileReference; lastKnownFileType = text.json; path = app.json; sourceTree = "<group>"; };
		84EAC6F721A8245400C2493D /* App.js */ = {isa = PBXFileReference; lastKnownFileType = sourcecode.javascript; path = App.js; sourceTree = "<group>"; };
		84EAC6F821A8245400C2493D /* iRNApp.xcodeproj */ = {isa = PBXFileReference; lastKnownFileType = "wrapper.pb-project"; name = iRNApp.xcodeproj; path = ios/iRNApp.xcodeproj; sourceTree = "<group>"; };
/* End PBXFileReference section */

/* Begin PBXGroup section */
		8484D70E21D4871C0011715E /* fastlane */ = {
			isa = PBXGroup;
			children = (
				84CEA35E21D4F80A0004F68E /* .env.default */,
				8484D70F21D4871C0011715E /* Gymfile */,
				8484D71021D4871C0011715E /* Appfile */,
				8484D71121D4871C0011715E /* Fastfile */,
				84CEA36421D4FBAA0004F68E /* Matchfile */,
				8484D71221D4871C0011715E /* README.md */,
				8484D71321D4871C0011715E /* report.xml */,
			);
			name = fastlane;
			path = fastlane1;
			sourceTree = "<group>";
		};
		84DA910C231E3E6300E8F59E /* Products */ = {
			isa = PBXGroup;
			children = (
				84DA9110231E3E6300E8F59E /* FastlaneRunner */,
			);
			name = Products;
			sourceTree = "<group>";
		};
		84EAC6ED21A823AB00C2493D = {
			isa = PBXGroup;
			children = (
				84DA910B231E3E6300E8F59E /* FastlaneSwiftRunner.xcodeproj */,
				84EAC6F821A8245400C2493D /* iRNApp.xcodeproj */,
				8484D70E21D4871C0011715E /* fastlane */,
				8493477621A848B700288628 /* .babelrc */,
				84EAC6F721A8245400C2493D /* App.js */,
				84EAC6F621A8245400C2493D /* app.json */,
				84EAC6F421A8245400C2493D /* index.js */,
				84EAC6F521A8245400C2493D /* package.json */,
			);
			sourceTree = "<group>";
		};
		84EAC6F921A8245400C2493D /* Products */ = {
			isa = PBXGroup;
			children = (
				84EAC70C21A8245600C2493D /* iRNApp.app */,
				84EAC70E21A8245600C2493D /* iRNAppTests.xctest */,
				84EAC71021A8245600C2493D /* iRNApp-tvOS.app */,
				84EAC71221A8245600C2493D /* iRNApp-tvOSTests.xctest */,
			);
			name = Products;
			sourceTree = "<group>";
		};
/* End PBXGroup section */

/* Begin PBXProject section */
		84EAC6EE21A823AB00C2493D /* Project object */ = {
			isa = PBXProject;
			attributes = {
				LastUpgradeCheck = 1000;
			};
			buildConfigurationList = 84EAC6F121A823AB00C2493D /* Build configuration list for PBXProject "iRN" */;
			compatibilityVersion = "Xcode 9.3";
			developmentRegion = en;
			hasScannedForEncodings = 0;
			knownRegions = (
				en,
			);
			mainGroup = 84EAC6ED21A823AB00C2493D;
			projectDirPath = "";
			projectReferences = (
				{
					ProductGroup = 84DA910C231E3E6300E8F59E /* Products */;
					ProjectRef = 84DA910B231E3E6300E8F59E /* FastlaneSwiftRunner.xcodeproj */;
				},
				{
					ProductGroup = 84EAC6F921A8245400C2493D /* Products */;
					ProjectRef = 84EAC6F821A8245400C2493D /* iRNApp.xcodeproj */;
				},
			);
			projectRoot = "";
			targets = (
			);
		};
/* End PBXProject section */

/* Begin PBXReferenceProxy section */
		84DA9110231E3E6300E8F59E /* FastlaneRunner */ = {
			isa = PBXReferenceProxy;
			fileType = "compiled.mach-o.executable";
			path = FastlaneRunner;
			remoteRef = 84DA910F231E3E6300E8F59E /* PBXContainerItemProxy */;
			sourceTree = BUILT_PRODUCTS_DIR;
		};
		84EAC70C21A8245600C2493D /* iRNApp.app */ = {
			isa = PBXReferenceProxy;
			fileType = wrapper.application;
			path = iRNApp.app;
			remoteRef = 84EAC70B21A8245600C2493D /* PBXContainerItemProxy */;
			sourceTree = BUILT_PRODUCTS_DIR;
		};
		84EAC70E21A8245600C2493D /* iRNAppTests.xctest */ = {
			isa = PBXReferenceProxy;
			fileType = wrapper.cfbundle;
			path = iRNAppTests.xctest;
			remoteRef = 84EAC70D21A8245600C2493D /* PBXContainerItemProxy */;
			sourceTree = BUILT_PRODUCTS_DIR;
		};
		84EAC71021A8245600C2493D /* iRNApp-tvOS.app */ = {
			isa = PBXReferenceProxy;
			fileType = wrapper.application;
			path = "iRNApp-tvOS.app";
			remoteRef = 84EAC70F21A8245600C2493D /* PBXContainerItemProxy */;
			sourceTree = BUILT_PRODUCTS_DIR;
		};
		84EAC71221A8245600C2493D /* iRNApp-tvOSTests.xctest */ = {
			isa = PBXReferenceProxy;
			fileType = wrapper.cfbundle;
			path = "iRNApp-tvOSTests.xctest";
			remoteRef = 84EAC71121A8245600C2493D /* PBXContainerItemProxy */;
			sourceTree = BUILT_PRODUCTS_DIR;
		};
/* End PBXReferenceProxy section */

/* Begin XCBuildConfiguration section */
		84EAC6F221A823AB00C2493D /* Debug */ = {
			isa = XCBuildConfiguration;
			buildSettings = {
			};
			name = Debug;
		};
		84EAC6F321A823AB00C2493D /* Release */ = {
			isa = XCBuildConfiguration;
			buildSettings = {
			};
			name = Release;
		};
/* End XCBuildConfiguration section */

/* Begin XCConfigurationList section */
		84EAC6F121A823AB00C2493D /* Build configuration list for PBXProject "iRN" */ = {
			isa = XCConfigurationList;
			buildConfigurations = (
				84EAC6F221A823AB00C2493D /* Debug */,
				84EAC6F321A823AB00C2493D /* Release */,
			);
			defaultConfigurationIsVisible = 0;
			defaultConfigurationName = Release;
		};
/* End XCConfigurationList section */
	};
	rootObject = 84EAC6EE21A823AB00C2493D /* Project object */;
}
